
Microsoft Visual Studio Solution File, Format Version 12.00
# Visual Studio Version 17
VisualStudioVersion = 17.4.33205.214
MinimumVisualStudioVersion = 10.0.40219.1
Project("{FAE04EC0-301F-11D3-BF4B-00C04F79EFBC}") = "Ejercicio2", "Ejercicio2\Ejercicio2.csproj", "{1CD5B038-A3A5-4931-A9CB-F11486648133}"
EndProject
Global
	GlobalSection(SolutionConfigurationPlatforms) = preSolution
		Debug|Any CPU = Debug|Any CPU
		Release|Any CPU = Release|Any CPU
	EndGlobalSection
	GlobalSection(ProjectConfigurationPlatforms) = postSolution
		{1CD5B038-A3A5-4931-A9CB-F11486648133}.Debug|Any CPU.ActiveCfg = Debug|Any CPU
		{1CD5B038-A3A5-4931-A9CB-F11486648133}.Debug|Any CPU.Build.0 = Debug|Any CPU
		{1CD5B038-A3A5-4931-A9CB-F11486648133}.Release|Any CPU.ActiveCfg = Release|Any CPU
		{1CD5B038-A3A5-4931-A9CB-F11486648133}.Release|Any CPU.Build.0 = Release|Any CPU
	EndGlobalSection
	GlobalSection(SolutionProperties) = preSolution
		HideSolutionNode = FALSE
	EndGlobalSection
	GlobalSection(ExtensibilityGlobals) = postSolution
		SolutionGuid = {6A238037-43EE-47A1-B6E3-DACC44BDEAB6}
	EndGlobalSection
EndGlobal
